
Microsoft Visual Studio Solution File, Format Version 12.00
# Visual Studio 14
VisualStudioVersion = 14.0.23107.0
MinimumVisualStudioVersion = 10.0.40219.1
Project("{FAE04EC0-301F-11D3-BF4B-00C04F79EFBC}") = "GameStore", "GameStore\GameStore.csproj", "{145941BA-98AE-476E-A9BB-9636388CBEF2}"
EndProject
Project("{FAE04EC0-301F-11D3-BF4B-00C04F79EFBC}") = "Models", "Models\Models.csproj", "{25A5FF1D-75E2-4D26-9083-A2FA4292BC7E}"
EndProject
Project("{FAE04EC0-301F-11D3-BF4B-00C04F79EFBC}") = "DAL", "DAL\DAL.csproj", "{6461CF61-9420-474D-BE7E-8BF2658F1EE1}"
EndProject
Global
	GlobalSection(SolutionConfigurationPlatforms) = preSolution
		Debug|Any CPU = Debug|Any CPU
		Release|Any CPU = Release|Any CPU
	EndGlobalSection
	GlobalSection(ProjectConfigurationPlatforms) = postSolution
		{145941BA-98AE-476E-A9BB-9636388CBEF2}.Debug|Any CPU.ActiveCfg = Debug|Any CPU
		{145941BA-98AE-476E-A9BB-9636388CBEF2}.Debug|Any CPU.Build.0 = Debug|Any CPU
		{145941BA-98AE-476E-A9BB-9636388CBEF2}.Release|Any CPU.ActiveCfg = Release|Any CPU
		{145941BA-98AE-476E-A9BB-9636388CBEF2}.Release|Any CPU.Build.0 = Release|Any CPU
		{25A5FF1D-75E2-4D26-9083-A2FA4292BC7E}.Debug|Any CPU.ActiveCfg = Debug|Any CPU
		{25A5FF1D-75E2-4D26-9083-A2FA4292BC7E}.Debug|Any CPU.Build.0 = Debug|Any CPU
		{25A5FF1D-75E2-4D26-9083-A2FA4292BC7E}.Release|Any CPU.ActiveCfg = Release|Any CPU
		{25A5FF1D-75E2-4D26-9083-A2FA4292BC7E}.Release|Any CPU.Build.0 = Release|Any CPU
		{6461CF61-9420-474D-BE7E-8BF2658F1EE1}.Debug|Any CPU.ActiveCfg = Debug|Any CPU
		{6461CF61-9420-474D-BE7E-8BF2658F1EE1}.Debug|Any CPU.Build.0 = Debug|Any CPU
		{6461CF61-9420-474D-BE7E-8BF2658F1EE1}.Release|Any CPU.ActiveCfg = Release|Any CPU
		{6461CF61-9420-474D-BE7E-8BF2658F1EE1}.Release|Any CPU.Build.0 = Release|Any CPU
	EndGlobalSection
	GlobalSection(SolutionProperties) = preSolution
		HideSolutionNode = FALSE
	EndGlobalSection
EndGlobal
